hash: 4b659ae03c4eca2bbe741b548f02a2291e0f311187e2f320c8157a753b135eb2
updated: 2017-03-07T15:16:39.36890789-05:00
imports:
- name: github.com/coreos/etcd
  version: 3f515e1849029a308a0ae47182623feb08fc68de
  subpackages:
  - client
  - pkg/pathutil
  - pkg/types
  - version
- name: github.com/coreos/go-semver
  version: 568e959cd89871e61434c1143528d9162da89ef2
  subpackages:
  - semver
- name: github.com/ugorji/go
  version: ded73eae5db7e7a0ef6f55aace87a2873c5d2b74
  subpackages:
  - codec
- name: golang.org/x/net
  version: f2499483f923065a842d38eb4c7f1927e6fc6e6d
  subpackages:
  - context
- name: gopkg.in/errgo.v1
  version: 442357a80af5c6bf9b6d51ae791a39c3421004f3
testImports:
- name: github.com/gopherjs/gopherjs
  version: 7d94d732be268c4904141f8b8604eb2d6d6544a1
  subpackages:
  - js
- name: github.com/jtolds/gls
  version: bb0351aa7eb6f322f32667d51375f26a2bca6628
- name: github.com/smartystreets/assertions
  version: c9ee7d9e9a2aeec0bee7c4a516f3e0ad7cb7e558
  subpackages:
  - internal/go-render/render
  - internal/oglematchers
- name: github.com/smartystreets/goconvey
  version: d4c757aa9afd1e2fc1832aaab209b5794eb336e1
  subpackages:
  - convey
  - convey/gotest
  - convey/reporting
