hash: 12606ea85a6710ab4e7d0111fdfb257c708596a7dc30c41bab1bedb04d97807d
updated: 2016-10-19T13:58:11.115154422-04:00
imports:
- name: github.com/coreos/etcd
  version: 83347907774bf36cbb261c594a32fd7b0f5dd9f6
  subpackages:
  - client
  - pkg/pathutil
  - pkg/types
- name: github.com/ugorji/go
  version: f1f1a805ed361a0e078bb537e4ea78cd37dcf065
  subpackages:
  - codec
- name: golang.org/x/net
  version: 6acef71eb69611914f7a30939ea9f6e194c78172
  subpackages:
  - context
- name: gopkg.in/errgo.v1
  version: 66cb46252b94c1f3d65646f54ee8043ab38d766c
testImports:
- name: github.com/gopherjs/gopherjs
  version: c79d0a5dbbdaf21092548246e69886a08f5a8e31
  subpackages:
  - js
- name: github.com/jtolds/gls
  version: 8ddce2a84170772b95dd5d576c48d517b22cac63
- name: github.com/smartystreets/assertions
  version: 2063fd1cc7c975db70502811a34b06ad034ccdf2
  subpackages:
  - internal/go-render/render
  - internal/oglematchers
- name: github.com/smartystreets/goconvey
  version: d4c757aa9afd1e2fc1832aaab209b5794eb336e1
  subpackages:
  - convey
  - convey/gotest
  - convey/reporting
